// !$*UTF8*$!
{
	archiveVersion = 1;
	classes = {
	};
	objectVersion = 46;
	objects = {

/* Begin PBXBuildFile section */
		C92A10601CC4AAE00070E574 /* main.m in Sources */ = {isa = PBXBuildFile; fileRef = C92A105F1CC4AAE00070E574 /* main.m */; };
		C92A10631CC4AAE00070E574 /* AppDelegate.m in Sources */ = {isa = PBXBuildFile; fileRef = C92A10621CC4AAE00070E574 /* AppDelegate.m */; };
		C92A10661CC4AAE00070E574 /* ViewController.m in Sources */ = {isa = PBXBuildFile; fileRef = C92A10651CC4AAE00070E574 /* ViewController.m */; };
		C92A10691CC4AAE00070E574 /* Main.storyboard in Resources */ = {isa = PBXBuildFile; fileRef = C92A10671CC4AAE00070E574 /* Main.storyboard */; };
		C92A106B1CC4AAE00070E574 /* Assets.xcassets in Resources */ = {isa = PBXBuildFile; fileRef = C92A106A1CC4AAE00070E574 /* Assets.xcassets */; };
		C92A106E1CC4AAE00070E574 /* LaunchScreen.storyboard in Resources */ = {isa = PBXBuildFile; fileRef = C92A106C1CC4AAE00070E574 /* LaunchScreen.storyboard */; };
		C92A107A1CC4ABB80070E574 /* MainViewController.m in Sources */ = {isa = PBXBuildFile; fileRef = C92A10791CC4ABB80070E574 /* MainViewController.m */; };
/* End PBXBuildFile section */

/* Begin PBXFileReference section */
		C92A105B1CC4AAE00070E574 /* TableViewTest.app */ = {isa = PBXFileReference; explicitFileType = wrapper.application; includeInIndex = 0; path = TableViewTest.app; sourceTree = BUILT_PRODUCTS_DIR; };
		C92A105F1CC4AAE00070E574 /* main.m */ = {isa = PBXFileReference; lastKnownFileType = sourcecode.c.objc; path = main.m; sourceTree = "<group>"; };
		C92A10611CC4AAE00070E574 /* AppDelegate.h */ = {isa = PBXFileReference; lastKnownFileType = sourcecode.c.h; path = AppDelegate.h; sourceTree = "<group>"; };
		C92A10621CC4AAE00070E574 /* AppDelegate.m */ = {isa = PBXFileReference; lastKnownFileType = sourcecode.c.objc; path = AppDelegate.m; sourceTree = "<group>"; };
		C92A10641CC4AAE00070E574 /* ViewController.h */ = {isa = PBXFileReference; lastKnownFileType = sourcecode.c.h; path = ViewController.h; sourceTree = "<group>"; };
		C92A10651CC4AAE00070E574 /* ViewController.m */ = {isa = PBXFileReference; lastKnownFileType = sourcecode.c.objc; path = ViewController.m; sourceTree = "<group>"; };
		C92A10681CC4AAE00070E574 /* Base */ = {isa = PBXFileReference; lastKnownFileType = file.storyboard; name = Base; path = Base.lproj/Main.storyboard; sourceTree = "<group>"; };
		C92A106A1CC4AAE00070E574 /* Assets.xcassets */ = {isa = PBXFileReference; lastKnownFileType = folder.assetcatalog; path = Assets.xcassets; sourceTree = "<group>"; };
		C92A106D1CC4AAE00070E574 /* Base */ = {isa = PBXFileReference; lastKnownFileType = file.storyboard; name = Base; path = Base.lproj/LaunchScreen.storyboard; sourceTree = "<group>"; };
		C92A106F1CC4AAE00070E574 /* Info.plist */ = {isa = PBXFileReference; lastKnownFileType = text.plist.xml; path = Info.plist; sourceTree = "<group>"; };
		C92A10781CC4ABB80070E574 /* MainViewController.h */ = {isa = PBXFileReference; fileEncoding = 4; lastKnownFileType = sourcecode.c.h; path = MainViewController.h; sourceTree = "<group>"; };
		C92A10791CC4ABB80070E574 /* MainViewController.m */ = {isa = PBXFileReference; fileEncoding = 4; lastKnownFileType = sourcecode.c.objc; path = MainViewController.m; sourceTree = "<group>"; };
/* End PBXFileReference section */

/* Begin PBXFrameworksBuildPhase section */
		C92A10581CC4AAE00070E574 /* Frameworks */ = {
			isa = PBXFrameworksBuildPhase;
			buildActionMask = 2147483647;
			files = (
			);
			runOnlyForDeploymentPostprocessing = 0;
		};
/* End PBXFrameworksBuildPhase section */

/* Begin PBXGroup section */
		C92A10521CC4AAE00070E574 = {
			isa = PBXGroup;
			children = (
				C92A105D1CC4AAE00070E574 /* TableViewTest */,
				C92A105C1CC4AAE00070E574 /* Products */,
			);
			sourceTree = "<group>";
		};
		C92A105C1CC4AAE00070E574 /* Products */ = {
			isa = PBXGroup;
			children = (
				C92A105B1CC4AAE00070E574 /* TableViewTest.app */,
			);
			name = Products;
			sourceTree = "<group>";
		};
		C92A105D1CC4AAE00070E574 /* TableViewTest */ = {
			isa = PBXGroup;
			children = (
				C92A10781CC4ABB80070E574 /* MainViewController.h */,
				C92A10791CC4ABB80070E574 /* MainViewController.m */,
				C92A10611CC4AAE00070E574 /* AppDelegate.h */,
				C92A10621CC4AAE00070E574 /* AppDelegate.m */,
				C92A10641CC4AAE00070E574 /* ViewController.h */,
				C92A10651CC4AAE00070E574 /* ViewController.m */,
				C92A10671CC4AAE00070E574 /* Main.storyboard */,
				C92A106A1CC4AAE00070E574 /* Assets.xcassets */,
				C92A106C1CC4AAE00070E574 /* LaunchScreen.storyboard */,
				C92A106F1CC4AAE00070E574 /* Info.plist */,
				C92A105E1CC4AAE00070E574 /* Supporting Files */,
			);
			path = TableViewTest;
			sourceTree = "<group>";
		};
		C92A105E1CC4AAE00070E574 /* Supporting Files */ = {
			isa = PBXGroup;
			children = (
				C92A105F1CC4AAE00070E574 /* main.m */,
			);
			name = "Supporting Files";
			sourceTree = "<group>";
		};
/* End PBXGroup section */

/* Begin PBXNativeTarget section */
		C92A105A1CC4AAE00070E574 /* TableViewTest */ = {
			isa = PBXNativeTarget;
			buildConfigurationList = C92A10721CC4AAE00070E574 /* Build configuration list for PBXNativeTarget "TableViewTest" */;
			buildPhases = (
				C92A10571CC4AAE00070E574 /* Sources */,
				C92A10581CC4AAE00070E574 /* Frameworks */,
				C92A10591CC4AAE00070E574 /* Resources */,
			);
			buildRules = (
			);
			dependencies = (
			);
			name = TableViewTest;
			productName = TableViewTest;
			productReference = C92A105B1CC4AAE00070E574 /* TableViewTest.app */;
			productType = "com.apple.product-type.application";
		};
/* End PBXNativeTarget section */

/* Begin PBXProject section */
		C92A10531CC4AAE00070E574 /* Project object */ = {
			isa = PBXProject;
			attributes = {
				LastUpgradeCheck = 0720;
				ORGANIZATIONNAME = hxl;
				TargetAttributes = {
					C92A105A1CC4AAE00070E574 = {
						CreatedOnToolsVersion = 7.2;
					};
				};
			};
			buildConfigurationList = C92A10561CC4AAE00070E574 /* Build configuration list for PBXProject "TableViewTest" */;
			compatibilityVersion = "Xcode 3.2";
			developmentRegion = English;
			hasScannedForEncodings = 0;
			knownRegions = (
				en,
				Base,
			);
			mainGroup = C92A10521CC4AAE00070E574;
			productRefGroup = C92A105C1CC4AAE00070E574 /* Products */;
			projectDirPath = "";
			projectRoot = "";
			targets = (
				C92A105A1CC4AAE00070E574 /* TableViewTest */,
			);
		};
/* End PBXProject section */

/* Begin PBXResourcesBuildPhase section */
		C92A10591CC4AAE00070E574 /* Resources */ = {
			isa = PBXResourcesBuildPhase;
			buildActionMask = 2147483647;
			files = (
				C92A106E1CC4AAE00070E574 /* LaunchScreen.storyboard in Resources */,
				C92A106B1CC4AAE00070E574 /* Assets.xcassets in Resources */,
				C92A10691CC4AAE00070E574 /* Main.storyboard in Resources */,
			);
			runOnlyForDeploymentPostprocessing = 0;
		};
/* End PBXResourcesBuildPhase section */

/* Begin PBXSourcesBuildPhase section */
		C92A10571CC4AAE00070E574 /* Sources */ = {
			isa = PBXSourcesBuildPhase;
			buildActionMask = 2147483647;
			files = (
				C92A10661CC4AAE00070E574 /* ViewController.m in Sources */,
				C92A10631CC4AAE00070E574 /* AppDelegate.m in Sources */,
				C92A10601CC4AAE00070E574 /* main.m in Sources */,
				C92A107A1CC4ABB80070E574 /* MainViewController.m in Sources */,
			);
			runOnlyForDeploymentPostprocessing = 0;
		};
/* End PBXSourcesBuildPhase section */

/* Begin PBXVariantGroup section */
		C92A10671CC4AAE00070E574 /* Main.storyboard */ = {
			isa = PBXVariantGroup;
			children = (
				C92A10681CC4AAE00070E574 /* Base */,
			);
			name = Main.storyboard;
			sourceTree = "<group>";
		};
		C92A106C1CC4AAE00070E574 /* LaunchScreen.storyboard */ = {
			isa = PBXVariantGroup;
			children = (
				C92A106D1CC4AAE00070E574 /* Base */,
			);
			name = LaunchScreen.storyboard;
			sourceTree = "<group>";
		};
/* End PBXVariantGroup section */

/* Begin XCBuildConfiguration section */
		C92A10701CC4AAE00070E574 /* Debug */ = {
			isa = XCBuildConfiguration;
			buildSettings = {
				ALWAYS_SEARCH_USER_PATHS = NO;
				CLANG_CXX_LANGUAGE_STANDARD = "gnu++0x";
				CLANG_CXX_LIBRARY = "libc++";
				CLANG_ENABLE_MODULES = YES;
				CLANG_ENABLE_OBJC_ARC = YES;
				CLANG_WARN_BOOL_CONVERSION = YES;
				CLANG_WARN_CONSTANT_CONVERSION = YES;
				CLANG_WARN_DIRECT_OBJC_ISA_USAGE = YES_ERROR;
				CLANG_WARN_EMPTY_BODY = YES;
				CLANG_WARN_ENUM_CONVERSION = YES;
				CLANG_WARN_INT_CONVERSION = YES;
				CLANG_WARN_OBJC_ROOT_CLASS = YES_ERROR;
				CLANG_WARN_UNREACHABLE_CODE = YES;
				CLANG_WARN__DUPLICATE_METHOD_MATCH = YES;
				"CODE_SIGN_IDENTITY[sdk=iphoneos*]" = "iPhone Developer";
				COPY_PHASE_STRIP = NO;
				DEBUG_INFORMATION_FORMAT = dwarf;
				ENABLE_STRICT_OBJC_MSGSEND = YES;
				ENABLE_TESTABILITY = YES;
				GCC_C_LANGUAGE_STANDARD = gnu99;
				GCC_DYNAMIC_NO_PIC = NO;
				GCC_NO_COMMON_BLOCKS = YES;
				GCC_OPTIMIZATION_LEVEL = 0;
				GCC_PREPROCESSOR_DEFINITIONS = (
					"DEBUG=1",
					"$(inherited)",
				);
				GCC_WARN_64_TO_32_BIT_CONVERSION = YES;
				GCC_WARN_ABOUT_RETURN_TYPE = YES_ERROR;
				GCC_WARN_UNDECLARED_SELECTOR = YES;
				GCC_WARN_UNINITIALIZED_AUTOS = YES_AGGRESSIVE;
				GCC_WARN_UNUSED_FUNCTION = YES;
				GCC_WARN_UNUSED_VARIABLE = YES;
				IPHONEOS_DEPLOYMENT_TARGET = 9.2;
				MTL_ENABLE_DEBUG_INFO = YES;
				ONLY_ACTIVE_ARCH = YES;
				SDKROOT = iphoneos;
			};
			name = Debug;
		};
		C92A10711CC4AAE00070E574 /* Release */ = {
			isa = XCBuildConfiguration;
			buildSettings = {
				ALWAYS_SEARCH_USER_PATHS = NO;
				CLANG_CXX_LANGUAGE_STANDARD = "gnu++0x";
				CLANG_CXX_LIBRARY = "libc++";
				CLANG_ENABLE_MODULES = YES;
				CLANG_ENABLE_OBJC_ARC = YES;
				CLANG_WARN_BOOL_CONVERSION = YES;
				CLANG_WARN_CONSTANT_CONVERSION = YES;
				CLANG_WARN_DIRECT_OBJC_ISA_USAGE = YES_ERROR;
				CLANG_WARN_EMPTY_BODY = YES;
				CLANG_WARN_ENUM_CONVERSION = YES;
				CLANG_WARN_INT_CONVERSION = YES;
				CLANG_WARN_OBJC_ROOT_CLASS = YES_ERROR;
				CLANG_WARN_UNREACHABLE_CODE = YES;
				CLANG_WARN__DUPLICATE_METHOD_MATCH = YES;
				"CODE_SIGN_IDENTITY[sdk=iphoneos*]" = "iPhone Developer";
				COPY_PHASE_STRIP = NO;
				DEBUG_INFORMATION_FORMAT = "dwarf-with-dsym";
				ENABLE_NS_ASSERTIONS = NO;
				ENABLE_STRICT_OBJC_MSGSEND = YES;
				GCC_C_LANGUAGE_STANDARD = gnu99;
				GCC_NO_COMMON_BLOCKS = YES;
				GCC_WARN_64_TO_32_BIT_CONVERSION = YES;
				GCC_WARN_ABOUT_RETURN_TYPE = YES_ERROR;
				GCC_WARN_UNDECLARED_SELECTOR = YES;
				GCC_WARN_UNINITIALIZED_AUTOS = YES_AGGRESSIVE;
				GCC_WARN_UNUSED_FUNCTION = YES;
				GCC_WARN_UNUSED_VARIABLE = YES;
				IPHONEOS_DEPLOYMENT_TARGET = 9.2;
				MTL_ENABLE_DEBUG_INFO = NO;
				SDKROOT = iphoneos;
				VALIDATE_PRODUCT = YES;
			};
			name = Release;
		};
		C92A10731CC4AAE00070E574 /* Debug */ = {
			isa = XCBuildConfiguration;
			buildSettings = {
				ASSETCATALOG_COMPILER_APPICON_NAME = AppIcon;
				INFOPLIST_FILE = TableViewTest/Info.plist;
				LD_RUNPATH_SEARCH_PATHS = "$(inherited) @executable_path/Frameworks";
				PRODUCT_BUNDLE_IDENTIFIER = hxl.TableViewTest;
				PRODUCT_NAME = "$(TARGET_NAME)";
			};
			name = Debug;
		};
		C92A10741CC4AAE00070E574 /* Release */ = {
			isa = XCBuildConfiguration;
			buildSettings = {
				ASSETCATALOG_COMPILER_APPICON_NAME = AppIcon;
				INFOPLIST_FILE = TableViewTest/Info.plist;
				LD_RUNPATH_SEARCH_PATHS = "$(inherited) @executable_path/Frameworks";
				PRODUCT_BUNDLE_IDENTIFIER = hxl.TableViewTest;
				PRODUCT_NAME = "$(TARGET_NAME)";
			};
			name = Release;
		};
/* End XCBuildConfiguration section */

/* Begin XCConfigurationList section */
		C92A10561CC4AAE00070E574 /* Build configuration list for PBXProject "TableViewTest" */ = {
			isa = XCConfigurationList;
			buildConfigurations = (
				C92A10701CC4AAE00070E574 /* Debug */,
				C92A10711CC4AAE00070E574 /* Release */,
			);
			defaultConfigurationIsVisible = 0;
			defaultConfigurationName = Release;
		};
		C92A10721CC4AAE00070E574 /* Build configuration list for PBXNativeTarget "TableViewTest" */ = {
			isa = XCConfigurationList;
			buildConfigurations = (
				C92A10731CC4AAE00070E574 /* Debug */,
				C92A10741CC4AAE00070E574 /* Release */,
			);
			defaultConfigurationIsVisible = 0;
		};
/* End XCConfigurationList section */
	};
	rootObject = C92A10531CC4AAE00070E574 /* Project object */;
}
