// !$*UTF8*$!
{
	archiveVersion = 1;
	classes = {
	};
	objectVersion = 46;
	objects = {

/* Begin PBXBuildFile section */
		93DFB44F10F13C9FF825B591 /* libPods.a in Frameworks */ = {isa = PBXBuildFile; fileRef = 8DF36632DBB167A84C1C29F7 /* libPods.a */; };
		C92A11611CCA0FE20070E574 /* main.m in Sources */ = {isa = PBXBuildFile; fileRef = C92A11601CCA0FE20070E574 /* main.m */; };
/* End PBXBuildFile section */

/* Begin PBXCopyFilesBuildPhase section */
		C92A115B1CCA0FE20070E574 /* CopyFiles */ = {
			isa = PBXCopyFilesBuildPhase;
			buildActionMask = 2147483647;
			dstPath = /usr/share/man/man1/;
			dstSubfolderSpec = 0;
			files = (
			);
			runOnlyForDeploymentPostprocessing = 1;
		};
/* End PBXCopyFilesBuildPhase section */

/* Begin PBXFileReference section */
		5701FBA116371A9FAA9CB53E /* Pods.release.xcconfig */ = {isa = PBXFileReference; includeInIndex = 1; lastKnownFileType = text.xcconfig; name = Pods.release.xcconfig; path = "Pods/Target Support Files/Pods/Pods.release.xcconfig"; sourceTree = "<group>"; };
		8DF36632DBB167A84C1C29F7 /* libPods.a */ = {isa = PBXFileReference; explicitFileType = archive.ar; includeInIndex = 0; path = libPods.a; sourceTree = BUILT_PRODUCTS_DIR; };
		C92A115D1CCA0FE20070E574 /* RACLearn */ = {isa = PBXFileReference; explicitFileType = "compiled.mach-o.executable"; includeInIndex = 0; path = RACLearn; sourceTree = BUILT_PRODUCTS_DIR; };
		C92A11601CCA0FE20070E574 /* main.m */ = {isa = PBXFileReference; lastKnownFileType = sourcecode.c.objc; path = main.m; sourceTree = "<group>"; };
		CC61470196BAE18091DDA349 /* Pods.debug.xcconfig */ = {isa = PBXFileReference; includeInIndex = 1; lastKnownFileType = text.xcconfig; name = Pods.debug.xcconfig; path = "Pods/Target Support Files/Pods/Pods.debug.xcconfig"; sourceTree = "<group>"; };
/* End PBXFileReference section */

/* Begin PBXFrameworksBuildPhase section */
		C92A115A1CCA0FE20070E574 /* Frameworks */ = {
			isa = PBXFrameworksBuildPhase;
			buildActionMask = 2147483647;
			files = (
				93DFB44F10F13C9FF825B591 /* libPods.a in Frameworks */,
			);
			runOnlyForDeploymentPostprocessing = 0;
		};
/* End PBXFrameworksBuildPhase section */

/* Begin PBXGroup section */
		1F2A2B00DEA41CA2E133A7F4 /* Pods */ = {
			isa = PBXGroup;
			children = (
				CC61470196BAE18091DDA349 /* Pods.debug.xcconfig */,
				5701FBA116371A9FAA9CB53E /* Pods.release.xcconfig */,
			);
			name = Pods;
			sourceTree = "<group>";
		};
		31EFB08C7CCB40CC59CDFC26 /* Frameworks */ = {
			isa = PBXGroup;
			children = (
				8DF36632DBB167A84C1C29F7 /* libPods.a */,
			);
			name = Frameworks;
			sourceTree = "<group>";
		};
		C92A11541CCA0FE20070E574 = {
			isa = PBXGroup;
			children = (
				C92A115F1CCA0FE20070E574 /* RACLearn */,
				C92A115E1CCA0FE20070E574 /* Products */,
				1F2A2B00DEA41CA2E133A7F4 /* Pods */,
				31EFB08C7CCB40CC59CDFC26 /* Frameworks */,
			);
			sourceTree = "<group>";
		};
		C92A115E1CCA0FE20070E574 /* Products */ = {
			isa = PBXGroup;
			children = (
				C92A115D1CCA0FE20070E574 /* RACLearn */,
			);
			name = Products;
			sourceTree = "<group>";
		};
		C92A115F1CCA0FE20070E574 /* RACLearn */ = {
			isa = PBXGroup;
			children = (
				C92A11601CCA0FE20070E574 /* main.m */,
			);
			path = RACLearn;
			sourceTree = "<group>";
		};
/* End PBXGroup section */

/* Begin PBXNativeTarget section */
		C92A115C1CCA0FE20070E574 /* RACLearn */ = {
			isa = PBXNativeTarget;
			buildConfigurationList = C92A11641CCA0FE20070E574 /* Build configuration list for PBXNativeTarget "RACLearn" */;
			buildPhases = (
				79442E65BE6A1661610F0943 /* Check Pods Manifest.lock */,
				C92A11591CCA0FE20070E574 /* Sources */,
				C92A115A1CCA0FE20070E574 /* Frameworks */,
				C92A115B1CCA0FE20070E574 /* CopyFiles */,
				6ACC290917620446F7F69FD2 /* Copy Pods Resources */,
			);
			buildRules = (
			);
			dependencies = (
			);
			name = RACLearn;
			productName = RACLearn;
			productReference = C92A115D1CCA0FE20070E574 /* RACLearn */;
			productType = "com.apple.product-type.tool";
		};
/* End PBXNativeTarget section */

/* Begin PBXProject section */
		C92A11551CCA0FE20070E574 /* Project object */ = {
			isa = PBXProject;
			attributes = {
				LastUpgradeCheck = 0720;
				ORGANIZATIONNAME = hxl;
				TargetAttributes = {
					C92A115C1CCA0FE20070E574 = {
						CreatedOnToolsVersion = 7.2;
					};
				};
			};
			buildConfigurationList = C92A11581CCA0FE20070E574 /* Build configuration list for PBXProject "RACLearn" */;
			compatibilityVersion = "Xcode 3.2";
			developmentRegion = English;
			hasScannedForEncodings = 0;
			knownRegions = (
				en,
			);
			mainGroup = C92A11541CCA0FE20070E574;
			productRefGroup = C92A115E1CCA0FE20070E574 /* Products */;
			projectDirPath = "";
			projectRoot = "";
			targets = (
				C92A115C1CCA0FE20070E574 /* RACLearn */,
			);
		};
/* End PBXProject section */

/* Begin PBXShellScriptBuildPhase section */
		6ACC290917620446F7F69FD2 /* Copy Pods Resources */ = {
			isa = PBXShellScriptBuildPhase;
			buildActionMask = 2147483647;
			files = (
			);
			inputPaths = (
			);
			name = "Copy Pods Resources";
			outputPaths = (
			);
			runOnlyForDeploymentPostprocessing = 0;
			shellPath = /bin/sh;
			shellScript = "\"${SRCROOT}/Pods/Target Support Files/Pods/Pods-resources.sh\"\n";
			showEnvVarsInLog = 0;
		};
		79442E65BE6A1661610F0943 /* Check Pods Manifest.lock */ = {
			isa = PBXShellScriptBuildPhase;
			buildActionMask = 2147483647;
			files = (
			);
			inputPaths = (
			);
			name = "Check Pods Manifest.lock";
			outputPaths = (
			);
			runOnlyForDeploymentPostprocessing = 0;
			shellPath = /bin/sh;
			shellScript = "diff \"${PODS_ROOT}/../Podfile.lock\" \"${PODS_ROOT}/Manifest.lock\" > /dev/null\nif [[ $? != 0 ]] ; then\n    cat << EOM\nerror: The sandbox is not in sync with the Podfile.lock. Run 'pod install' or update your CocoaPods installation.\nEOM\n    exit 1\nfi\n";
			showEnvVarsInLog = 0;
		};
/* End PBXShellScriptBuildPhase section */

/* Begin PBXSourcesBuildPhase section */
		C92A11591CCA0FE20070E574 /* Sources */ = {
			isa = PBXSourcesBuildPhase;
			buildActionMask = 2147483647;
			files = (
				C92A11611CCA0FE20070E574 /* main.m in Sources */,
			);
			runOnlyForDeploymentPostprocessing = 0;
		};
/* End PBXSourcesBuildPhase section */

/* Begin XCBuildConfiguration section */
		C92A11621CCA0FE20070E574 /* Debug */ = {
			isa = XCBuildConfiguration;
			buildSettings = {
				ALWAYS_SEARCH_USER_PATHS = NO;
				CLANG_CXX_LANGUAGE_STANDARD = "gnu++0x";
				CLANG_CXX_LIBRARY = "libc++";
				CLANG_ENABLE_MODULES = YES;
				CLANG_ENABLE_OBJC_ARC = YES;
				CLANG_WARN_BOOL_CONVERSION = YES;
				CLANG_WARN_CONSTANT_CONVERSION = YES;
				CLANG_WARN_DIRECT_OBJC_ISA_USAGE = YES_ERROR;
				CLANG_WARN_EMPTY_BODY = YES;
				CLANG_WARN_ENUM_CONVERSION = YES;
				CLANG_WARN_INT_CONVERSION = YES;
				CLANG_WARN_OBJC_ROOT_CLASS = YES_ERROR;
				CLANG_WARN_UNREACHABLE_CODE = YES;
				CLANG_WARN__DUPLICATE_METHOD_MATCH = YES;
				CODE_SIGN_IDENTITY = "-";
				COPY_PHASE_STRIP = NO;
				DEBUG_INFORMATION_FORMAT = dwarf;
				ENABLE_STRICT_OBJC_MSGSEND = YES;
				ENABLE_TESTABILITY = YES;
				GCC_C_LANGUAGE_STANDARD = gnu99;
				GCC_DYNAMIC_NO_PIC = NO;
				GCC_NO_COMMON_BLOCKS = YES;
				GCC_OPTIMIZATION_LEVEL = 0;
				GCC_PREPROCESSOR_DEFINITIONS = (
					"DEBUG=1",
					"$(inherited)",
				);
				GCC_WARN_64_TO_32_BIT_CONVERSION = YES;
				GCC_WARN_ABOUT_RETURN_TYPE = YES_ERROR;
				GCC_WARN_UNDECLARED_SELECTOR = YES;
				GCC_WARN_UNINITIALIZED_AUTOS = YES_AGGRESSIVE;
				GCC_WARN_UNUSED_FUNCTION = YES;
				GCC_WARN_UNUSED_VARIABLE = YES;
				MACOSX_DEPLOYMENT_TARGET = 10.11;
				MTL_ENABLE_DEBUG_INFO = YES;
				ONLY_ACTIVE_ARCH = YES;
				SDKROOT = macosx;
			};
			name = Debug;
		};
		C92A11631CCA0FE20070E574 /* Release */ = {
			isa = XCBuildConfiguration;
			buildSettings = {
				ALWAYS_SEARCH_USER_PATHS = NO;
				CLANG_CXX_LANGUAGE_STANDARD = "gnu++0x";
				CLANG_CXX_LIBRARY = "libc++";
				CLANG_ENABLE_MODULES = YES;
				CLANG_ENABLE_OBJC_ARC = YES;
				CLANG_WARN_BOOL_CONVERSION = YES;
				CLANG_WARN_CONSTANT_CONVERSION = YES;
				CLANG_WARN_DIRECT_OBJC_ISA_USAGE = YES_ERROR;
				CLANG_WARN_EMPTY_BODY = YES;
				CLANG_WARN_ENUM_CONVERSION = YES;
				CLANG_WARN_INT_CONVERSION = YES;
				CLANG_WARN_OBJC_ROOT_CLASS = YES_ERROR;
				CLANG_WARN_UNREACHABLE_CODE = YES;
				CLANG_WARN__DUPLICATE_METHOD_MATCH = YES;
				CODE_SIGN_IDENTITY = "-";
				COPY_PHASE_STRIP = NO;
				DEBUG_INFORMATION_FORMAT = "dwarf-with-dsym";
				ENABLE_NS_ASSERTIONS = NO;
				ENABLE_STRICT_OBJC_MSGSEND = YES;
				GCC_C_LANGUAGE_STANDARD = gnu99;
				GCC_NO_COMMON_BLOCKS = YES;
				GCC_WARN_64_TO_32_BIT_CONVERSION = YES;
				GCC_WARN_ABOUT_RETURN_TYPE = YES_ERROR;
				GCC_WARN_UNDECLARED_SELECTOR = YES;
				GCC_WARN_UNINITIALIZED_AUTOS = YES_AGGRESSIVE;
				GCC_WARN_UNUSED_FUNCTION = YES;
				GCC_WARN_UNUSED_VARIABLE = YES;
				MACOSX_DEPLOYMENT_TARGET = 10.11;
				MTL_ENABLE_DEBUG_INFO = NO;
				SDKROOT = macosx;
			};
			name = Release;
		};
		C92A11651CCA0FE20070E574 /* Debug */ = {
			isa = XCBuildConfiguration;
			baseConfigurationReference = CC61470196BAE18091DDA349 /* Pods.debug.xcconfig */;
			buildSettings = {
				HEADER_SEARCH_PATHS = (
					"\"${PODS_ROOT}/Headers/Public/ReactiveCocoa\"",
					"\"${PODS_ROOT}/Headers/Public\"",
					"$(inherited)",
				);
				PRODUCT_NAME = "$(TARGET_NAME)";
			};
			name = Debug;
		};
		C92A11661CCA0FE20070E574 /* Release */ = {
			isa = XCBuildConfiguration;
			baseConfigurationReference = 5701FBA116371A9FAA9CB53E /* Pods.release.xcconfig */;
			buildSettings = {
				HEADER_SEARCH_PATHS = (
					"\"${PODS_ROOT}/Headers/Public/ReactiveCocoa\"",
					"\"${PODS_ROOT}/Headers/Public\"",
					"$(inherited)",
				);
				PRODUCT_NAME = "$(TARGET_NAME)";
			};
			name = Release;
		};
/* End XCBuildConfiguration section */

/* Begin XCConfigurationList section */
		C92A11581CCA0FE20070E574 /* Build configuration list for PBXProject "RACLearn" */ = {
			isa = XCConfigurationList;
			buildConfigurations = (
				C92A11621CCA0FE20070E574 /* Debug */,
				C92A11631CCA0FE20070E574 /* Release */,
			);
			defaultConfigurationIsVisible = 0;
			defaultConfigurationName = Release;
		};
		C92A11641CCA0FE20070E574 /* Build configuration list for PBXNativeTarget "RACLearn" */ = {
			isa = XCConfigurationList;
			buildConfigurations = (
				C92A11651CCA0FE20070E574 /* Debug */,
				C92A11661CCA0FE20070E574 /* Release */,
			);
			defaultConfigurationIsVisible = 0;
			defaultConfigurationName = Release;
		};
/* End XCConfigurationList section */
	};
	rootObject = C92A11551CCA0FE20070E574 /* Project object */;
}
